
Microsoft Visual Studio Solution File, Format Version 12.00
# Visual Studio Version 17
VisualStudioVersion = 17.13.35919.96 d17.13
MinimumVisualStudioVersion = 10.0.40219.1
Project("{FAE04EC0-301F-11D3-BF4B-00C04F79EFBC}") = "Assignment_5.2.2", "Assignment_5.2.2.csproj", "{96DF11DA-CAB5-41F4-96B9-B13D1A885F23}"
EndProject
Global
	GlobalSection(SolutionConfigurationPlatforms) = preSolution
		Debug|Any CPU = Debug|Any CPU
		Release|Any CPU = Release|Any CPU
	EndGlobalSection
	GlobalSection(ProjectConfigurationPlatforms) = postSolution
		{96DF11DA-CAB5-41F4-96B9-B13D1A885F23}.Debug|Any CPU.ActiveCfg = Debug|Any CPU
		{96DF11DA-CAB5-41F4-96B9-B13D1A885F23}.Debug|Any CPU.Build.0 = Debug|Any CPU
		{96DF11DA-CAB5-41F4-96B9-B13D1A885F23}.Release|Any CPU.ActiveCfg = Release|Any CPU
		{96DF11DA-CAB5-41F4-96B9-B13D1A885F23}.Release|Any CPU.Build.0 = Release|Any CPU
	EndGlobalSection
	GlobalSection(SolutionProperties) = preSolution
		HideSolutionNode = FALSE
	EndGlobalSection
	GlobalSection(ExtensibilityGlobals) = postSolution
		SolutionGuid = {3CE61135-1E05-4AB8-A5AE-2794A05A369A}
	EndGlobalSection
EndGlobal
